{
  "version": "2",
  "remote": {
    "https://deno.land/std@0.141.0/_util/assert.ts": "e94f2eb37cebd7f199952e242c77654e43333c1ac4c5c700e929ea3aa5489f74",
    "https://deno.land/std@0.141.0/_util/os.ts": "3b4c6e27febd119d36a416d7a97bd3b0251b77c88942c8f16ee5953ea13e2e49",
    "https://deno.land/std@0.141.0/path/_constants.ts": "df1db3ffa6dd6d1252cc9617e5d72165cd2483df90e93833e13580687b6083c3",
    "https://deno.land/std@0.141.0/path/_interface.ts": "ee3b431a336b80cf445441109d089b70d87d5e248f4f90ff906820889ecf8d09",
    "https://deno.land/std@0.141.0/path/_util.ts": "c1e9686d0164e29f7d880b2158971d805b6e0efc3110d0b3e24e4b8af2190d2b",
    "https://deno.land/std@0.141.0/path/common.ts": "bee563630abd2d97f99d83c96c2fa0cca7cee103e8cb4e7699ec4d5db7bd2633",
    "https://deno.land/std@0.141.0/path/glob.ts": "cb5255638de1048973c3e69e420c77dc04f75755524cb3b2e160fe9277d939ee",
    "https://deno.land/std@0.141.0/path/mod.ts": "d3e68d0abb393fb0bf94a6d07c46ec31dc755b544b13144dee931d8d5f06a52d",
    "https://deno.land/std@0.141.0/path/posix.ts": "293cdaec3ecccec0a9cc2b534302dfe308adb6f10861fa183275d6695faace44",
    "https://deno.land/std@0.141.0/path/separator.ts": "fe1816cb765a8068afb3e8f13ad272351c85cbc739af56dacfc7d93d710fe0f9",
    "https://deno.land/std@0.141.0/path/win32.ts": "31811536855e19ba37a999cd8d1b62078235548d67902ece4aa6b814596dd757",
    "https://deno.land/std@0.164.0/_util/asserts.ts": "d0844e9b62510f89ce1f9878b046f6a57bf88f208a10304aab50efcb48365272",
    "https://deno.land/std@0.164.0/async/abortable.ts": "87aa7230be8360c24ad437212311c9e8d4328854baec27b4c7abb26e85515c06",
    "https://deno.land/std@0.164.0/async/deadline.ts": "48ac998d7564969f3e6ec6b6f9bf0217ebd00239b1b2292feba61272d5dd58d0",
    "https://deno.land/std@0.164.0/async/debounce.ts": "dc8b92d4a4fe7eac32c924f2b8d3e62112530db70cadce27042689d82970b350",
    "https://deno.land/std@0.164.0/async/deferred.ts": "d8fb253ffde2a056e4889ef7e90f3928f28be9f9294b6505773d33f136aab4e6",
    "https://deno.land/std@0.164.0/async/delay.ts": "0419dfc993752849692d1f9647edf13407c7facc3509b099381be99ffbc9d699",
    "https://deno.land/std@0.164.0/async/mod.ts": "dd0a8ed4f3984ffabe2fcca7c9f466b7932d57b1864ffee148a5d5388316db6b",
    "https://deno.land/std@0.164.0/async/mux_async_iterator.ts": "3447b28a2a582224a3d4d3596bccbba6e85040da3b97ed64012f7decce98d093",
    "https://deno.land/std@0.164.0/async/pool.ts": "ef9eb97b388543acbf0ac32647121e4dbe629236899586c4d4311a8770fbb239",
    "https://deno.land/std@0.164.0/async/tee.ts": "9af3a3e7612af75861308b52249e167f5ebc3dcfc8a1a4d45462d96606ee2b70",
    "https://deno.land/std@0.164.0/bytes/bytes_list.ts": "aba5e2369e77d426b10af1de0dcc4531acecec27f9b9056f4f7bfbf8ac147ab4",
    "https://deno.land/std@0.164.0/bytes/equals.ts": "3c3558c3ae85526f84510aa2b48ab2ad7bdd899e2e0f5b7a8ffc85acb3a6043a",
    "https://deno.land/std@0.164.0/bytes/mod.ts": "b2e342fd3669176a27a4e15061e9d588b89c1aaf5008ab71766e23669565d179",
    "https://deno.land/std@0.164.0/io/buffer.ts": "245f1762a949082ddc0a6e9b15589d0be2d29c150266decd04320b8a8318f9f6",
    "https://deno.land/std@0.164.0/io/types.d.ts": "107e1e64834c5ba917c783f446b407d33432c5d612c4b3430df64fc2b4ecf091",
    "https://deno.land/std@0.164.0/streams/buffer.ts": "b532492d7ba43aecb59b6abdd546c2a47e2442cb4c50850b74311a2ccacfd981",
    "https://deno.land/std@0.164.0/streams/conversion.ts": "555c6c249f3acf85655f2d0af52d1cb3168e40b1c1fa26beefea501b333abe28",
    "https://deno.land/std@0.164.0/streams/delimiter.ts": "e18febbded53df275a897fac9249a6d0a6a5efc943256ad0f6cb23bf4d757668",
    "https://deno.land/std@0.164.0/streams/merge.ts": "88ed3dfa030ae076802688e4cadd762a251a41d81ed1776dfd9a2a9a0e970195",
    "https://deno.land/std@0.164.0/streams/mod.ts": "f402791689d74bd091ecf8f4015bc5b7d5c18132a55c7c72fe0576d1fb254cf9",
    "https://deno.land/std@0.166.0/_util/asserts.ts": "d0844e9b62510f89ce1f9878b046f6a57bf88f208a10304aab50efcb48365272",
    "https://deno.land/std@0.166.0/_util/os.ts": "8a33345f74990e627b9dfe2de9b040004b08ea5146c7c9e8fe9a29070d193934",
    "https://deno.land/std@0.166.0/flags/mod.ts": "3b459daf581e047819b6b799c92b96c81b4eecbd5ea025643d54dc0abc6ac923",
    "https://deno.land/std@0.166.0/fmt/colors.ts": "9e36a716611dcd2e4865adea9c4bec916b5c60caad4cdcdc630d4974e6bb8bd4",
    "https://deno.land/std@0.166.0/fs/_util.ts": "fdc156f897197f261a1c096dcf8ff9267ed0ff42bd5b31f55053a4763a4bae3b",
    "https://deno.land/std@0.166.0/fs/copy.ts": "37ad2d3390a672a34baf7d16a8623238906a1ee9b2c5fffc8efaa97810f4e6a9",
    "https://deno.land/std@0.166.0/fs/empty_dir.ts": "c15a0aaaf40f8c21cca902aa1e01a789ad0c2fd1b7e2eecf4957053c5dbf707f",
    "https://deno.land/std@0.166.0/fs/ensure_dir.ts": "76395fc1c989ca8d2de3aedfa8240eb8f5225cde20f926de957995b063135b80",
    "https://deno.land/std@0.166.0/fs/ensure_file.ts": "b8e32ea63aa21221d0219760ba3f741f682d7f7d68d0d24a3ec067c338568152",
    "https://deno.land/std@0.166.0/fs/ensure_link.ts": "5cc1c04f18487d7d1edf4c5469705f30b61390ffd24ad7db6df85e7209b32bb2",
    "https://deno.land/std@0.166.0/fs/ensure_symlink.ts": "5273557b8c50be69477aa9cb003b54ff2240a336db52a40851c97abce76b96ab",
    "https://deno.land/std@0.166.0/fs/eol.ts": "65b1e27320c3eec6fb653b27e20056ee3d015d3e91db388cfefa41616ebc7cb3",
    "https://deno.land/std@0.166.0/fs/exists.ts": "6a447912e49eb79cc640adacfbf4b0baf8e17ede6d5bed057062ce33c4fa0d68",
    "https://deno.land/std@0.166.0/fs/expand_glob.ts": "d08678afa768881b055bdfb5cebe4f089f8db4513a4d2b0bbe748f5870d77ce3",
    "https://deno.land/std@0.166.0/fs/mod.ts": "354a6f972ef4e00c4dd1f1339a8828ef0764c1c23d3c0010af3fcc025d8655b0",
    "https://deno.land/std@0.166.0/fs/move.ts": "6d7fa9da60dbc7a32dd7fdbc2ff812b745861213c8e92ba96dace0669b0c378c",
    "https://deno.land/std@0.166.0/fs/walk.ts": "0a754cc4696a15bdb175380a4b7deff3eb65be9768cb11d91a4138beee35c2d7",
    "https://deno.land/std@0.166.0/path/_constants.ts": "df1db3ffa6dd6d1252cc9617e5d72165cd2483df90e93833e13580687b6083c3",
    "https://deno.land/std@0.166.0/path/_interface.ts": "ee3b431a336b80cf445441109d089b70d87d5e248f4f90ff906820889ecf8d09",
    "https://deno.land/std@0.166.0/path/_util.ts": "d16be2a16e1204b65f9d0dfc54a9bc472cafe5f4a190b3c8471ec2016ccd1677",
    "https://deno.land/std@0.166.0/path/common.ts": "bee563630abd2d97f99d83c96c2fa0cca7cee103e8cb4e7699ec4d5db7bd2633",
    "https://deno.land/std@0.166.0/path/glob.ts": "cb5255638de1048973c3e69e420c77dc04f75755524cb3b2e160fe9277d939ee",
    "https://deno.land/std@0.166.0/path/mod.ts": "56fec03ad0ebd61b6ab39ddb9b0ddb4c4a5c9f2f4f632e09dd37ec9ebfd722ac",
    "https://deno.land/std@0.166.0/path/posix.ts": "6b63de7097e68c8663c84ccedc0fd977656eb134432d818ecd3a4e122638ac24",
    "https://deno.land/std@0.166.0/path/separator.ts": "fe1816cb765a8068afb3e8f13ad272351c85cbc739af56dacfc7d93d710fe0f9",
    "https://deno.land/std@0.166.0/path/win32.ts": "7cebd2bda6657371adc00061a1d23fdd87bcdf64b4843bb148b0b24c11b40f69",
    "https://deno.land/std@0.170.0/fmt/colors.ts": "03ad95e543d2808bc43c17a3dd29d25b43d0f16287fe562a0be89bf632454a12",
    "https://deno.land/std@0.171.0/_util/asserts.ts": "178dfc49a464aee693a7e285567b3d0b555dc805ff490505a8aae34f9cfb1462",
    "https://deno.land/std@0.171.0/_util/os.ts": "d932f56d41e4f6a6093d56044e29ce637f8dcc43c5a90af43504a889cf1775e3",
    "https://deno.land/std@0.171.0/fs/_util.ts": "65381f341af1ff7f40198cee15c20f59951ac26e51ddc651c5293e24f9ce6f32",
    "https://deno.land/std@0.171.0/fs/copy.ts": "14214efd94fc3aa6db1e4af2b4b9578e50f7362b7f3725d5a14ad259a5df26c8",
    "https://deno.land/std@0.171.0/fs/empty_dir.ts": "c3d2da4c7352fab1cf144a1ecfef58090769e8af633678e0f3fabaef98594688",
    "https://deno.land/std@0.171.0/fs/ensure_dir.ts": "724209875497a6b4628dfb256116e5651c4f7816741368d6c44aab2531a1e603",
    "https://deno.land/std@0.171.0/fs/ensure_file.ts": "c38602670bfaf259d86ca824a94e6cb9e5eb73757fefa4ebf43a90dd017d53d9",
    "https://deno.land/std@0.171.0/fs/ensure_link.ts": "c0f5b2f0ec094ed52b9128eccb1ee23362a617457aa0f699b145d4883f5b2fb4",
    "https://deno.land/std@0.171.0/fs/ensure_symlink.ts": "2955cc8332aeca9bdfefd05d8d3976b94e282b0f353392a71684808ed2ffdd41",
    "https://deno.land/std@0.171.0/fs/eol.ts": "f1f2eb348a750c34500741987b21d65607f352cf7205f48f4319d417fff42842",
    "https://deno.land/std@0.171.0/fs/exists.ts": "b8c8a457b71e9d7f29b9d2f87aad8dba2739cbe637e8926d6ba6e92567875f8e",
    "https://deno.land/std@0.171.0/fs/expand_glob.ts": "536055845aafc32de7e7a46c3b778a741825d5e2ed8580d9851a01ec7a5adf2e",
    "https://deno.land/std@0.171.0/fs/mod.ts": "bc3d0acd488cc7b42627044caf47d72019846d459279544e1934418955ba4898",
    "https://deno.land/std@0.171.0/fs/move.ts": "4cb47f880e3f0582c55e71c9f8b1e5e8cfaacb5e84f7390781dd563b7298ec19",
    "https://deno.land/std@0.171.0/fs/walk.ts": "ea95ffa6500c1eda6b365be488c056edc7c883a1db41ef46ec3bf057b1c0fe32",
    "https://deno.land/std@0.171.0/path/_constants.ts": "e49961f6f4f48039c0dfed3c3f93e963ca3d92791c9d478ac5b43183413136e0",
    "https://deno.land/std@0.171.0/path/_interface.ts": "6471159dfbbc357e03882c2266d21ef9afdb1e4aa771b0545e90db58a0ba314b",
    "https://deno.land/std@0.171.0/path/_util.ts": "86c2375a996c1931b2f2ac71fefd5ddf0cf0e579fa4ab12d3e4c552d4223b8d8",
    "https://deno.land/std@0.171.0/path/common.ts": "ee7505ab01fd22de3963b64e46cff31f40de34f9f8de1fff6a1bd2fe79380000",
    "https://deno.land/std@0.171.0/path/glob.ts": "d479e0a695621c94d3fd7fe7abd4f9499caf32a8de13f25073451c6ef420a4e1",
    "https://deno.land/std@0.171.0/path/mod.ts": "4b83694ac500d7d31b0cdafc927080a53dc0c3027eb2895790fb155082b0d232",
    "https://deno.land/std@0.171.0/path/posix.ts": "2ecc259e6f34013889b7638ff90339a82d8178f629155761ce6001e41af55a43",
    "https://deno.land/std@0.171.0/path/separator.ts": "0fb679739d0d1d7bf45b68dacfb4ec7563597a902edbaf3c59b50d5bcadd93b1",
    "https://deno.land/std@0.171.0/path/win32.ts": "99170a0eb0e2b1ce41499c1e86bb55320cb6606299ad947f57ee0a291cdb93d5",
    "https://deno.land/std@0.171.0/semver/mod.ts": "80acd488589001b15542847663101142fb251729a8c902ae60d66427a4a9eae1",
    "https://deno.land/std@0.177.0/_util/asserts.ts": "178dfc49a464aee693a7e285567b3d0b555dc805ff490505a8aae34f9cfb1462",
    "https://deno.land/std@0.177.0/_util/os.ts": "d932f56d41e4f6a6093d56044e29ce637f8dcc43c5a90af43504a889cf1775e3",
    "https://deno.land/std@0.177.0/async/abortable.ts": "73acfb3ed7261ce0d930dbe89e43db8d34e017b063cf0eaa7d215477bf53442e",
    "https://deno.land/std@0.177.0/async/deadline.ts": "c5facb0b404eede83e38bd2717ea8ab34faa2ffb20ef87fd261fcba32ba307aa",
    "https://deno.land/std@0.177.0/async/debounce.ts": "adab11d04ca38d699444ac8a9d9856b4155e8dda2afd07ce78276c01ea5a4332",
    "https://deno.land/std@0.177.0/async/deferred.ts": "42790112f36a75a57db4a96d33974a936deb7b04d25c6084a9fa8a49f135def8",
    "https://deno.land/std@0.177.0/async/delay.ts": "73aa04cec034c84fc748c7be49bb15cac3dd43a57174bfdb7a4aec22c248f0dd",
    "https://deno.land/std@0.177.0/async/mod.ts": "f04344fa21738e5ad6bea37a6bfffd57c617c2d372bb9f9dcfd118a1b622e576",
    "https://deno.land/std@0.177.0/async/mux_async_iterator.ts": "70c7f2ee4e9466161350473ad61cac0b9f115cff4c552eaa7ef9d50c4cbb4cc9",
    "https://deno.land/std@0.177.0/async/pool.ts": "fd082bd4aaf26445909889435a5c74334c017847842ec035739b4ae637ae8260",
    "https://deno.land/std@0.177.0/async/retry.ts": "5efa3ba450ac0c07a40a82e2df296287b5013755d232049efd7ea2244f15b20f",
    "https://deno.land/std@0.177.0/async/tee.ts": "47e42d35f622650b02234d43803d0383a89eb4387e1b83b5a40106d18ae36757",
    "https://deno.land/std@0.177.0/fmt/colors.ts": "938c5d44d889fb82eff6c358bea8baa7e85950a16c9f6dae3ec3a7a729164471",
    "https://deno.land/std@0.177.0/path/_constants.ts": "e49961f6f4f48039c0dfed3c3f93e963ca3d92791c9d478ac5b43183413136e0",
    "https://deno.land/std@0.177.0/path/_interface.ts": "6471159dfbbc357e03882c2266d21ef9afdb1e4aa771b0545e90db58a0ba314b",
    "https://deno.land/std@0.177.0/path/_util.ts": "d7abb1e0dea065f427b89156e28cdeb32b045870acdf865833ba808a73b576d0",
    "https://deno.land/std@0.177.0/path/common.ts": "ee7505ab01fd22de3963b64e46cff31f40de34f9f8de1fff6a1bd2fe79380000",
    "https://deno.land/std@0.177.0/path/glob.ts": "d479e0a695621c94d3fd7fe7abd4f9499caf32a8de13f25073451c6ef420a4e1",
    "https://deno.land/std@0.177.0/path/mod.ts": "4b83694ac500d7d31b0cdafc927080a53dc0c3027eb2895790fb155082b0d232",
    "https://deno.land/std@0.177.0/path/posix.ts": "8b7c67ac338714b30c816079303d0285dd24af6b284f7ad63da5b27372a2c94d",
    "https://deno.land/std@0.177.0/path/separator.ts": "0fb679739d0d1d7bf45b68dacfb4ec7563597a902edbaf3c59b50d5bcadd93b1",
    "https://deno.land/std@0.177.0/path/win32.ts": "d186344e5583bcbf8b18af416d13d82b35a317116e6460a5a3953508c3de5bba",
    "https://deno.land/std@0.177.0/testing/_diff.ts": "1a3c044aedf77647d6cac86b798c6417603361b66b54c53331b312caeb447aea",
    "https://deno.land/std@0.177.0/testing/_format.ts": "a69126e8a469009adf4cf2a50af889aca364c349797e63174884a52ff75cf4c7",
    "https://deno.land/std@0.177.0/testing/asserts.ts": "984ab0bfb3faeed92ffaa3a6b06536c66811185328c5dd146257c702c41b01ab",
    "https://deno.land/std@0.179.0/_util/asserts.ts": "178dfc49a464aee693a7e285567b3d0b555dc805ff490505a8aae34f9cfb1462",
    "https://deno.land/std@0.179.0/_util/os.ts": "d932f56d41e4f6a6093d56044e29ce637f8dcc43c5a90af43504a889cf1775e3",
    "https://deno.land/std@0.179.0/path/_constants.ts": "e49961f6f4f48039c0dfed3c3f93e963ca3d92791c9d478ac5b43183413136e0",
    "https://deno.land/std@0.179.0/path/_interface.ts": "6471159dfbbc357e03882c2266d21ef9afdb1e4aa771b0545e90db58a0ba314b",
    "https://deno.land/std@0.179.0/path/_util.ts": "d7abb1e0dea065f427b89156e28cdeb32b045870acdf865833ba808a73b576d0",
    "https://deno.land/std@0.179.0/path/common.ts": "ee7505ab01fd22de3963b64e46cff31f40de34f9f8de1fff6a1bd2fe79380000",
    "https://deno.land/std@0.179.0/path/glob.ts": "d479e0a695621c94d3fd7fe7abd4f9499caf32a8de13f25073451c6ef420a4e1",
    "https://deno.land/std@0.179.0/path/mod.ts": "4b83694ac500d7d31b0cdafc927080a53dc0c3027eb2895790fb155082b0d232",
    "https://deno.land/std@0.179.0/path/posix.ts": "8b7c67ac338714b30c816079303d0285dd24af6b284f7ad63da5b27372a2c94d",
    "https://deno.land/std@0.179.0/path/separator.ts": "0fb679739d0d1d7bf45b68dacfb4ec7563597a902edbaf3c59b50d5bcadd93b1",
    "https://deno.land/std@0.179.0/path/win32.ts": "d186344e5583bcbf8b18af416d13d82b35a317116e6460a5a3953508c3de5bba",
    "https://deno.land/std@0.182.0/_util/asserts.ts": "178dfc49a464aee693a7e285567b3d0b555dc805ff490505a8aae34f9cfb1462",
    "https://deno.land/std@0.182.0/_util/os.ts": "d932f56d41e4f6a6093d56044e29ce637f8dcc43c5a90af43504a889cf1775e3",
    "https://deno.land/std@0.182.0/bytes/copy.ts": "939d89e302a9761dcf1d9c937c7711174ed74c59eef40a1e4569a05c9de88219",
    "https://deno.land/std@0.182.0/fmt/colors.ts": "d67e3cd9f472535241a8e410d33423980bec45047e343577554d3356e1f0ef4e",
    "https://deno.land/std@0.182.0/fs/_util.ts": "65381f341af1ff7f40198cee15c20f59951ac26e51ddc651c5293e24f9ce6f32",
    "https://deno.land/std@0.182.0/fs/copy.ts": "14214efd94fc3aa6db1e4af2b4b9578e50f7362b7f3725d5a14ad259a5df26c8",
    "https://deno.land/std@0.182.0/fs/empty_dir.ts": "c3d2da4c7352fab1cf144a1ecfef58090769e8af633678e0f3fabaef98594688",
    "https://deno.land/std@0.182.0/fs/ensure_dir.ts": "dc64c4c75c64721d4e3fb681f1382f803ff3d2868f08563ff923fdd20d071c40",
    "https://deno.land/std@0.182.0/fs/ensure_file.ts": "c38602670bfaf259d86ca824a94e6cb9e5eb73757fefa4ebf43a90dd017d53d9",
    "https://deno.land/std@0.182.0/fs/ensure_link.ts": "c0f5b2f0ec094ed52b9128eccb1ee23362a617457aa0f699b145d4883f5b2fb4",
    "https://deno.land/std@0.182.0/fs/ensure_symlink.ts": "5006ab2f458159c56d689b53b1e48d57e05eeb1eaf64e677f7f76a30bc4fdba1",
    "https://deno.land/std@0.182.0/fs/eol.ts": "f1f2eb348a750c34500741987b21d65607f352cf7205f48f4319d417fff42842",
    "https://deno.land/std@0.182.0/fs/exists.ts": "29c26bca8584a22876be7cb8844f1b6c8fc35e9af514576b78f5c6884d7ed02d",
    "https://deno.land/std@0.182.0/fs/expand_glob.ts": "e4f56259a0a70fe23f05215b00de3ac5e6ba46646ab2a06ebbe9b010f81c972a",
    "https://deno.land/std@0.182.0/fs/mod.ts": "bc3d0acd488cc7b42627044caf47d72019846d459279544e1934418955ba4898",
    "https://deno.land/std@0.182.0/fs/move.ts": "4cb47f880e3f0582c55e71c9f8b1e5e8cfaacb5e84f7390781dd563b7298ec19",
    "https://deno.land/std@0.182.0/fs/walk.ts": "920be35a7376db6c0b5b1caf1486fb962925e38c9825f90367f8f26b5e5d0897",
    "https://deno.land/std@0.182.0/io/buf_reader.ts": "abeb92b18426f11d72b112518293a96aef2e6e55f80b84235e8971ac910affb5",
    "https://deno.land/std@0.182.0/io/buffer.ts": "17f4410eaaa60a8a85733e8891349a619eadfbbe42e2f319283ce2b8f29723ab",
    "https://deno.land/std@0.182.0/path/_constants.ts": "e49961f6f4f48039c0dfed3c3f93e963ca3d92791c9d478ac5b43183413136e0",
    "https://deno.land/std@0.182.0/path/_interface.ts": "6471159dfbbc357e03882c2266d21ef9afdb1e4aa771b0545e90db58a0ba314b",
    "https://deno.land/std@0.182.0/path/_util.ts": "d7abb1e0dea065f427b89156e28cdeb32b045870acdf865833ba808a73b576d0",
    "https://deno.land/std@0.182.0/path/common.ts": "ee7505ab01fd22de3963b64e46cff31f40de34f9f8de1fff6a1bd2fe79380000",
    "https://deno.land/std@0.182.0/path/glob.ts": "d479e0a695621c94d3fd7fe7abd4f9499caf32a8de13f25073451c6ef420a4e1",
    "https://deno.land/std@0.182.0/path/mod.ts": "bf718f19a4fdd545aee1b06409ca0805bd1b68ecf876605ce632e932fe54510c",
    "https://deno.land/std@0.182.0/path/posix.ts": "8b7c67ac338714b30c816079303d0285dd24af6b284f7ad63da5b27372a2c94d",
    "https://deno.land/std@0.182.0/path/separator.ts": "0fb679739d0d1d7bf45b68dacfb4ec7563597a902edbaf3c59b50d5bcadd93b1",
    "https://deno.land/std@0.182.0/path/win32.ts": "d186344e5583bcbf8b18af416d13d82b35a317116e6460a5a3953508c3de5bba",
    "https://deno.land/std@0.182.0/streams/read_all.ts": "ee319772fb0fd28302f97343cc48dfcf948f154fd0d755d8efe65814b70533be",
    "https://deno.land/std@0.182.0/streams/reader_from_stream_reader.ts": "fa4971e5615a010e49492c5d1688ca1a4d17472a41e98b498ab89a64ebd7ac73",
    "https://deno.land/std@0.182.0/streams/write_all.ts": "aec90152978581ea62d56bb53a5cbf487e6a89c902f87c5969681ffbdf32b998",
    "https://deno.land/std@0.182.0/testing/_diff.ts": "1a3c044aedf77647d6cac86b798c6417603361b66b54c53331b312caeb447aea",
    "https://deno.land/std@0.182.0/testing/_format.ts": "a69126e8a469009adf4cf2a50af889aca364c349797e63174884a52ff75cf4c7",
    "https://deno.land/std@0.182.0/testing/asserts.ts": "e16d98b4d73ffc4ed498d717307a12500ae4f2cbe668f1a215632d19fcffc22f",
    "https://deno.land/std@0.182.0/types.d.ts": "dbaeb2c4d7c526db9828fc8df89d8aecf53b9ced72e0c4568f97ddd8cda616a4",
    "https://deno.land/x/async@v1.2.0/condition.ts": "08f990d787a7ac3dfef63fcb65bd06a03793195bab6009c1055b863bd58ce7b1",
    "https://deno.land/x/async@v1.2.0/deps.ts": "bfe65aeca789c949e425888789f256add52dea7f3997c2708cbf1a0e14bafbc5",
    "https://deno.land/x/async@v1.2.0/event.ts": "6ecbab41fb1aead24da306355e5051b86d7d0b6062ed10ae0bdc80c5115c3b73",
    "https://deno.land/x/async@v1.2.0/lock.ts": "6d4845198381712d67f23b8c285c47498c9d5a63dec0fefe99fc4529a7f31462",
    "https://deno.land/x/async@v1.2.0/mod.ts": "27b75655290584f52b2b39698fd2615e0f1160638bbf92da89ee5050a99b1125",
    "https://deno.land/x/async@v1.2.0/queue.ts": "8e97864684cb09d42e00b62115ec43f7325f4104512cc016ce2ff3534388aaf5",
    "https://deno.land/x/async@v1.2.0/semaphore.ts": "a63024b1a7d8fd609165384f79718c6a45a6de5d69a550945dfcae4670bef131",
    "https://deno.land/x/async@v1.2.0/state.ts": "a71692b72371239120b196d0c6a249631bab867dd499e85c422c2e5ec9695999",
    "https://deno.land/x/cliffy@v0.25.7/_utils/distance.ts": "02af166952c7c358ac83beae397aa2fbca4ad630aecfcd38d92edb1ea429f004",
    "https://deno.land/x/cliffy@v0.25.7/command/_errors.ts": "a9bd23dc816b32ec96c9b8f3057218241778d8c40333b43341138191450965e5",
    "https://deno.land/x/cliffy@v0.25.7/command/_utils.ts": "9ab3d69fabab6c335b881b8a5229cbd5db0c68f630a1c307aff988b6396d9baf",
    "https://deno.land/x/cliffy@v0.25.7/command/command.ts": "a2b83c612acd65c69116f70dec872f6da383699b83874b70fcf38cddf790443f",
    "https://deno.land/x/cliffy@v0.25.7/command/completions/_bash_completions_generator.ts": "43b4abb543d4dc60233620d51e69d82d3b7c44e274e723681e0dce2a124f69f9",
    "https://deno.land/x/cliffy@v0.25.7/command/completions/_fish_completions_generator.ts": "d0289985f5cf0bd288c05273bfa286b24c27feb40822eb7fd9d7fee64e6580e8",
    "https://deno.land/x/cliffy@v0.25.7/command/completions/_zsh_completions_generator.ts": "14461eb274954fea4953ee75938821f721da7da607dc49bcc7db1e3f33a207bd",
    "https://deno.land/x/cliffy@v0.25.7/command/completions/bash.ts": "053aa2006ec327ccecacb00ba28e5eb836300e5c1bec1b3cfaee9ddcf8189756",
    "https://deno.land/x/cliffy@v0.25.7/command/completions/complete.ts": "58df61caa5e6220ff2768636a69337923ad9d4b8c1932aeb27165081c4d07d8b",
    "https://deno.land/x/cliffy@v0.25.7/command/completions/fish.ts": "9938beaa6458c6cf9e2eeda46a09e8cd362d4f8c6c9efe87d3cd8ca7477402a5",
    "https://deno.land/x/cliffy@v0.25.7/command/completions/mod.ts": "aeef7ec8e319bb157c39a4bab8030c9fe8fa327b4c1e94c9c1025077b45b40c0",
    "https://deno.land/x/cliffy@v0.25.7/command/completions/zsh.ts": "8b04ab244a0b582f7927d405e17b38602428eeb347a9968a657e7ea9f40e721a",
    "https://deno.land/x/cliffy@v0.25.7/command/deprecated.ts": "bbe6670f1d645b773d04b725b8b8e7814c862c9f1afba460c4d599ffe9d4983c",
    "https://deno.land/x/cliffy@v0.25.7/command/deps.ts": "275b964ce173770bae65f6b8ebe9d2fd557dc10292cdd1ed3db1735f0d77fa1d",
    "https://deno.land/x/cliffy@v0.25.7/command/help/_help_generator.ts": "f7c349cb2ddb737e70dc1f89bcb1943ca9017a53506be0d4138e0aadb9970a49",
    "https://deno.land/x/cliffy@v0.25.7/command/help/mod.ts": "09d74d3eb42d21285407cda688074c29595d9c927b69aedf9d05ff3f215820d3",
    "https://deno.land/x/cliffy@v0.25.7/command/mod.ts": "d0a32df6b14028e43bb2d41fa87d24bc00f9662a44e5a177b3db02f93e473209",
    "https://deno.land/x/cliffy@v0.25.7/command/type.ts": "24e88e3085e1574662b856ccce70d589959648817135d4469fab67b9cce1b364",
    "https://deno.land/x/cliffy@v0.25.7/command/types.ts": "ae02eec0ed7a769f7dba2dd5d3a931a61724b3021271b1b565cf189d9adfd4a0",
    "https://deno.land/x/cliffy@v0.25.7/command/types/action_list.ts": "33c98d449617c7a563a535c9ceb3741bde9f6363353fd492f90a74570c611c27",
    "https://deno.land/x/cliffy@v0.25.7/command/types/boolean.ts": "3879ec16092b4b5b1a0acb8675f8c9250c0b8a972e1e4c7adfba8335bd2263ed",
    "https://deno.land/x/cliffy@v0.25.7/command/types/child_command.ts": "f1fca390c7fbfa7a713ca15ef55c2c7656bcbb394d50e8ef54085bdf6dc22559",
    "https://deno.land/x/cliffy@v0.25.7/command/types/command.ts": "325d0382e383b725fd8d0ef34ebaeae082c5b76a1f6f2e843fee5dbb1a4fe3ac",
    "https://deno.land/x/cliffy@v0.25.7/command/types/enum.ts": "2178345972adf7129a47e5f02856ca3e6852a91442a1c78307dffb8a6a3c6c9f",
    "https://deno.land/x/cliffy@v0.25.7/command/types/file.ts": "8618f16ac9015c8589cbd946b3de1988cc4899b90ea251f3325c93c46745140e",
    "https://deno.land/x/cliffy@v0.25.7/command/types/integer.ts": "29864725fd48738579d18123d7ee78fed37515e6dc62146c7544c98a82f1778d",
    "https://deno.land/x/cliffy@v0.25.7/command/types/number.ts": "aeba96e6f470309317a16b308c82e0e4138a830ec79c9877e4622c682012bc1f",
    "https://deno.land/x/cliffy@v0.25.7/command/types/string.ts": "e4dadb08a11795474871c7967beab954593813bb53d9f69ea5f9b734e43dc0e0",
    "https://deno.land/x/cliffy@v0.25.7/command/upgrade/mod.ts": "17e2df3b620905583256684415e6c4a31e8de5c59066eb6d6c9c133919292dc4",
    "https://deno.land/x/cliffy@v0.25.7/command/upgrade/provider.ts": "d6fb846043232cbd23c57d257100c7fc92274984d75a5fead0f3e4266dc76ab8",
    "https://deno.land/x/cliffy@v0.25.7/command/upgrade/provider/deno_land.ts": "24f8d82e38c51e09be989f30f8ad21f9dd41ac1bb1973b443a13883e8ba06d6d",
    "https://deno.land/x/cliffy@v0.25.7/command/upgrade/provider/github.ts": "99e1b133dd446c6aa79f69e69c46eb8bc1c968dd331c2a7d4064514a317c7b59",
    "https://deno.land/x/cliffy@v0.25.7/command/upgrade/provider/nest_land.ts": "0e07936cea04fa41ac9297f32d87f39152ea873970c54cb5b4934b12fee1885e",
    "https://deno.land/x/cliffy@v0.25.7/command/upgrade/upgrade_command.ts": "3640a287d914190241ea1e636774b1b4b0e1828fa75119971dd5304784061e05",
    "https://deno.land/x/cliffy@v0.25.7/flags/_errors.ts": "f1fbb6bfa009e7950508c9d491cfb4a5551027d9f453389606adb3f2327d048f",
    "https://deno.land/x/cliffy@v0.25.7/flags/_utils.ts": "340d3ecab43cde9489187e1f176504d2c58485df6652d1cdd907c0e9c3ce4cc2",
    "https://deno.land/x/cliffy@v0.25.7/flags/_validate_flags.ts": "16eb5837986c6f6f7620817820161a78d66ce92d690e3697068726bbef067452",
    "https://deno.land/x/cliffy@v0.25.7/flags/deprecated.ts": "a72a35de3cc7314e5ebea605ca23d08385b218ef171c32a3f135fb4318b08126",
    "https://deno.land/x/cliffy@v0.25.7/flags/flags.ts": "68a9dfcacc4983a84c07ba19b66e5e9fccd04389fad215210c60fb414cc62576",
    "https://deno.land/x/cliffy@v0.25.7/flags/types.ts": "7452ea5296758fb7af89930349ce40d8eb9a43b24b3f5759283e1cb5113075fd",
    "https://deno.land/x/cliffy@v0.25.7/flags/types/boolean.ts": "4c026dd66ec9c5436860dc6d0241427bdb8d8e07337ad71b33c08193428a2236",
    "https://deno.land/x/cliffy@v0.25.7/flags/types/integer.ts": "b60d4d590f309ddddf066782d43e4dc3799f0e7d08e5ede7dc62a5ee94b9a6d9",
    "https://deno.land/x/cliffy@v0.25.7/flags/types/number.ts": "610936e2d29de7c8c304b65489a75ebae17b005c6122c24e791fbed12444d51e",
    "https://deno.land/x/cliffy@v0.25.7/flags/types/string.ts": "e89b6a5ce322f65a894edecdc48b44956ec246a1d881f03e97bbda90dd8638c5",
    "https://deno.land/x/cliffy@v0.25.7/table/border.ts": "2514abae4e4f51eda60a5f8c927ba24efd464a590027e900926b38f68e01253c",
    "https://deno.land/x/cliffy@v0.25.7/table/cell.ts": "1d787d8006ac8302020d18ec39f8d7f1113612c20801b973e3839de9c3f8b7b3",
    "https://deno.land/x/cliffy@v0.25.7/table/deps.ts": "5b05fa56c1a5e2af34f2103fd199e5f87f0507549963019563eae519271819d2",
    "https://deno.land/x/cliffy@v0.25.7/table/layout.ts": "46bf10ae5430cf4fbb92f23d588230e9c6336edbdb154e5c9581290562b169f4",
    "https://deno.land/x/cliffy@v0.25.7/table/mod.ts": "e74f69f38810ee6139a71132783765feb94436a6619c07474ada45b465189834",
    "https://deno.land/x/cliffy@v0.25.7/table/row.ts": "5f519ba7488d2ef76cbbf50527f10f7957bfd668ce5b9169abbc44ec88302645",
    "https://deno.land/x/cliffy@v0.25.7/table/table.ts": "ec204c9d08bb3ff1939c5ac7412a4c9ed7d00925d4fc92aff9bfe07bd269258d",
    "https://deno.land/x/cliffy@v0.25.7/table/utils.ts": "187bb7dcbcfb16199a5d906113f584740901dfca1007400cba0df7dcd341bc29",
    "https://deno.land/x/dax@0.31.0/mod.ts": "321cedcadf8ba261aef0083d0e50edcc76486822e0f62b64ec364e92ef246e42",
    "https://deno.land/x/dax@0.31.0/src/command.ts": "f30e4fd31bf76cfee6038da109b00a83f479f8e564223434e2275aed38ab2006",
    "https://deno.land/x/dax@0.31.0/src/command_handler.ts": "d32dafb16ec21d673aef9eb1dfde435ab5b139a2d0f0de5c6afa6c849121b3bd",
    "https://deno.land/x/dax@0.31.0/src/commands/args.ts": "a138aef24294e3cbf13cef08f4836d018e8dd99fd06ad82e7e7f08ef680bbc1d",
    "https://deno.land/x/dax@0.31.0/src/commands/cd.ts": "239fee1606881dbc3f778a761d1d4557c21a63063c15ab58883a32e7466b7177",
    "https://deno.land/x/dax@0.31.0/src/commands/cp_mv.ts": "58205a82a9404e444c7c5caf98b5dd2b350c668c0b421546a038b76ea8b6a53d",
    "https://deno.land/x/dax@0.31.0/src/commands/echo.ts": "247909de5b8ea20218daab419f3aad37b69763052272aca3633fe8e7f83148cd",
    "https://deno.land/x/dax@0.31.0/src/commands/exit.ts": "c619e52d744dfa3e8fa954026f1c5302d8be991c775553efc85a0f224b77b6ff",
    "https://deno.land/x/dax@0.31.0/src/commands/export.ts": "b6ecad1203cfe606d69da6c16736f31acf211e864e6822484d85cea1cb7d5528",
    "https://deno.land/x/dax@0.31.0/src/commands/mkdir.ts": "9381ecdc0e0203d941f89027b6ef2865393bf0a66670bf5f5aaa6a49669244c7",
    "https://deno.land/x/dax@0.31.0/src/commands/pwd.ts": "5438aea979027bfa5c64c2a7f1073389735ea986f6abe2174ec21bcb70a2156f",
    "https://deno.land/x/dax@0.31.0/src/commands/rm.ts": "d911ff4e2e0b3d3c5d426c7b735313741ad762d9e25a743f101a1b05447eecf8",
    "https://deno.land/x/dax@0.31.0/src/commands/sleep.ts": "c3d232085ad5b035bae0367defbe8b742dd005ec3926196ea8f1bea7e13d7a03",
    "https://deno.land/x/dax@0.31.0/src/commands/test.ts": "a221f82c209fd53756e9c02c475b9d5833284513853e90fdaaf0c1e1d9cfbf30",
    "https://deno.land/x/dax@0.31.0/src/commands/touch.ts": "5953dbde8732da47ade9b7554a638ea06a8b67a59842e638fb79f7aebe392650",
    "https://deno.land/x/dax@0.31.0/src/commands/unset.ts": "8d4abb29f53c3de0c10ba6d51e3d55bce745160f7430396ede58156e8f2b747c",
    "https://deno.land/x/dax@0.31.0/src/common.ts": "c0e809c591400dbadb25197f2819c59fec6b897c94c1aba6a026d5d1eee9cb53",
    "https://deno.land/x/dax@0.31.0/src/console/confirm.ts": "d9128d10b77fcc0a8df2784f71c79df68f5c8e00a34b04547b9ba9ddf1c97f96",
    "https://deno.land/x/dax@0.31.0/src/console/logger.ts": "e0ab5025915cef70df03681c756e211f25bb2e4331f82ed4256b17ddd9e794ea",
    "https://deno.land/x/dax@0.31.0/src/console/mod.ts": "29ae1f8250b74a477e26a3b6ccf647badf5d8f8e2a9e6c4aa0d5df9e3bbbb273",
    "https://deno.land/x/dax@0.31.0/src/console/multiSelect.ts": "31003744e58f45f720271bd034d8cfba1055c954ba02d77a2f2eb21e4c1ed55a",
    "https://deno.land/x/dax@0.31.0/src/console/progress/format.ts": "15ddbb8051580f88ed499281e12ca6f881f875ab73268d7451d7113ee130bd7d",
    "https://deno.land/x/dax@0.31.0/src/console/progress/interval.ts": "80188d980a27c2eb07c31324365118af549641442f0752fe7c3b0c91832e5046",
    "https://deno.land/x/dax@0.31.0/src/console/progress/mod.ts": "df1017c87a33c3b0152422e753ea203aa706b9e5570a3930a6fce6f86ee2bcf5",
    "https://deno.land/x/dax@0.31.0/src/console/prompt.ts": "78c645b41a7562133d05a10901ae4d682cb22bfaf0b5a21cc8475ca2a946aee1",
    "https://deno.land/x/dax@0.31.0/src/console/select.ts": "c9d7124d975bf34d52ea1ac88fd610ed39db8ee6505b9bb53f371cef2f56c6ab",
    "https://deno.land/x/dax@0.31.0/src/console/utils.ts": "954c99397dcd2cb3f1ccf50055085f17c9ffb31b25b3c5719776de81e23935f4",
    "https://deno.land/x/dax@0.31.0/src/deps.ts": "336856548060686f715492d6e00de3a422c29c6b89e491573936a8d5b0e3f975",
    "https://deno.land/x/dax@0.31.0/src/lib/mod.ts": "c8e9ca527dacf1e5a0132f07c6d0e4b4bc6f86b6c83694316fb5805f325dd9fe",
    "https://deno.land/x/dax@0.31.0/src/lib/rs_lib.generated.js": "22f6813fc63f7ae7f01f2fdec892f66831d858fc376fd57ab018be9a78bbb5fd",
    "https://deno.land/x/dax@0.31.0/src/path.ts": "1f02b8976eb783c6e68ec925fb3f10af422555f94072fc6ba748c12340657af7",
    "https://deno.land/x/dax@0.31.0/src/pipes.ts": "3aa984c0d031f4221953e228ba89452a86068a80d2811fddb9c60737cd4ab174",
    "https://deno.land/x/dax@0.31.0/src/request.ts": "66a1b19301e0e3b918b8982836ce1d071e2555e7d02a4c31cec8f9d3221c5f9d",
    "https://deno.land/x/dax@0.31.0/src/result.ts": "0908b69c16b25c3b258f6b2ada12e124686df5f7ea2b98daa27a83973c7b118c",
    "https://deno.land/x/dax@0.31.0/src/shell.ts": "dbfe85c722826672ad72f87e07f3d9f4552eadf6933772617f1c0f3cd23c234d",
    "https://deno.land/x/ddu_vim@v2.3.1/base/column.ts": "a6ac04b39a9f6e5da9016064f77a6bbfd871225fda7ab424385a07b61b3edc22",
    "https://deno.land/x/ddu_vim@v2.3.1/base/filter.ts": "de21dde16324ea94da39616df2d8be1dabb4444a634f3fa779c39e1e965ec8be",
    "https://deno.land/x/ddu_vim@v2.3.1/base/kind.ts": "93c807ec4576b7d377c4097c86ca451578c7b8adf42c3871ae4f6f9aea5596d5",
    "https://deno.land/x/ddu_vim@v2.3.1/base/source.ts": "337e2955f8ce46c1891698c1da36ae7d9baf7a0be381ff1bd3ba2adc0c0341a4",
    "https://deno.land/x/ddu_vim@v2.3.1/base/ui.ts": "005ce02945b2dba259c5b7bd1043c0a60e748a418ea026f74a1f86bbcea3645f",
    "https://deno.land/x/ddu_vim@v2.3.1/deps.ts": "79617027c8bb351081a4a007776ce0aa2d472d1d5bca0991f9cf8db2c082ab21",
    "https://deno.land/x/ddu_vim@v2.3.1/types.ts": "3cd23804b18d330046b4e481741c7f7427697f63e08445f81e5990bddc61491e",
    "https://deno.land/x/denops_core@v4.0.0/denops.ts": "73561b60556ffb39112feff4f53eac1752c1f2db28548c5c74e2befb5ae741bf",
    "https://deno.land/x/denops_core@v4.0.0/mod.ts": "abc31bf739a30a8cf07d54a56b7c5d5efb8105bf9dd4d6dae4866649985bc035",
    "https://deno.land/x/denops_std@v4.0.0/anonymous/mod.ts": "00aeebf858fca90ea5b6e740ba76054bd89f89df8df1de28650fa6afa3e329eb",
    "https://deno.land/x/denops_std@v4.0.0/autocmd/common.ts": "efefc6d54297525fcbdd38f4f870403cf1897ad957bfa191658e4336cf3e7bee",
    "https://deno.land/x/denops_std@v4.0.0/autocmd/group.ts": "43ee21b2a02398a276aad563eccac542f593b8dd981ac7ccbcb3abbeca623e0a",
    "https://deno.land/x/denops_std@v4.0.0/autocmd/mod.ts": "a3fbf1c1b2bd5a7f95a3bc94e6df909b291376d657bc35272b52ad3e2728ec8a",
    "https://deno.land/x/denops_std@v4.0.0/autocmd/types.ts": "485f918030b3d28c86052dcf7822f6bbeaa95119db1f0d7632af54b1c087f53c",
    "https://deno.land/x/denops_std@v4.0.0/autocmd/utils.ts": "f0238f60cf80acb14c8aaa89b25454714f3f627b1f8c94ca8197e906ff753f3f",
    "https://deno.land/x/denops_std@v4.0.0/batch/batch.ts": "9bf8125b451959edc2f8d95e1829f3bcf4d138526a4d4f3c17865026abf07372",
    "https://deno.land/x/denops_std@v4.0.0/batch/gather.ts": "ca346eb547c954251b1be56a153f0de06d7a8b3080a76f228cf3da9370b187b8",
    "https://deno.land/x/denops_std@v4.0.0/batch/mod.ts": "31952c134d344bab5a7dbc3304506a5b60afa96d50bfbaf5dce1971251183dea",
    "https://deno.land/x/denops_std@v4.0.0/buffer/buffer.ts": "fb600edcb76c79e422853ba5406559d9a174dc097f5d730bcb1ecbded4f616ce",
    "https://deno.land/x/denops_std@v4.0.0/buffer/decoration.ts": "5d3882201c823fd391f61549abb9b90d43876c4ca0a9c54c33777586f95c669e",
    "https://deno.land/x/denops_std@v4.0.0/buffer/fileencoding.ts": "3d81249ee2f2d46a0457123393816249f01852f644a393d558d71aca46fd9f49",
    "https://deno.land/x/denops_std@v4.0.0/buffer/fileformat.ts": "ed68f85155e8ccdb44735a8032996290ba49cb01a933b58082333abab0275edd",
    "https://deno.land/x/denops_std@v4.0.0/buffer/mod.ts": "c9dd4556ffa5e46852f71aae235202771ea630a6c71e28418e9e5d8aa6fecbe3",
    "https://deno.land/x/denops_std@v4.0.0/function/_generated.ts": "5cd50c86f8a80fc47f643defacdca785216f8a11ecba1e71520bff6b3ff0f82c",
    "https://deno.land/x/denops_std@v4.0.0/function/_manual.ts": "a26da7f6d5cae879eac8ebb925cf86943ef49644fe99878c69c6917697672ea7",
    "https://deno.land/x/denops_std@v4.0.0/function/buffer.ts": "6126d5978edebc1c335d27acc2bb5f11aadc97c569fcd4b2780ba6b5e1050f54",
    "https://deno.land/x/denops_std@v4.0.0/function/common.ts": "8f3659c1e55f9333e821f8ee70625df8903ca8439253708f519fe82346945952",
    "https://deno.land/x/denops_std@v4.0.0/function/cursor.ts": "07c5600f529794a5770ddd4bce15771a4fb8125b0148fb092656d9cf1854c710",
    "https://deno.land/x/denops_std@v4.0.0/function/getreginfo.ts": "3dc36377121fa9958e2ac105c2e0d2e88a6118d14987acd3cee44dbffc2f90a3",
    "https://deno.land/x/denops_std@v4.0.0/function/input.ts": "1085df40870f7ae7b7c9d77fdd77da1dbbff36d77d9ce68d75257ddf69720cd5",
    "https://deno.land/x/denops_std@v4.0.0/function/mod.ts": "714b13733ab9a1a4cb77220dafe27ee5edabe00c000ab79f8ab030a5c8440788",
    "https://deno.land/x/denops_std@v4.0.0/function/nvim/_generated.ts": "8cc0a7a5ac0ba910ac51c0682e5fe4a10e5ef4180667576b3f5922a0e7740b44",
    "https://deno.land/x/denops_std@v4.0.0/function/nvim/_manual.ts": "e3b0c44298fc1c149afbf4c8996fb92427ae41e4649b934ca495991b7852b855",
    "https://deno.land/x/denops_std@v4.0.0/function/nvim/mod.ts": "807bbfad635489bcf442657a1d619bcad69dee9998f611fb295add7570500841",
    "https://deno.land/x/denops_std@v4.0.0/function/types.ts": "e45d9ad042f7901fa38bf530672a378a629dcdf9f79fa759506912ca4a0d18f9",
    "https://deno.land/x/denops_std@v4.0.0/function/various.ts": "0f28ba97b4fd831cf9f7400fe466c7b943fec18868f3a701f7f348b33f1cfba3",
    "https://deno.land/x/denops_std@v4.0.0/function/vim/_generated.ts": "ea37a68116b8fb632dbfa4af88879ab9b120ba1ec61d709314984df88fb4447c",
    "https://deno.land/x/denops_std@v4.0.0/function/vim/_manual.ts": "ec0603d2ea8ee14e4386419a97cc7d74531b7b14bd5aa7192476072acee49e79",
    "https://deno.land/x/denops_std@v4.0.0/function/vim/mod.ts": "619d5f95a9cd3660984834533a9e2a74c93d067797ecf26c3f5e597010495834",
    "https://deno.land/x/denops_std@v4.0.0/function/vim/prop_add_list.ts": "fdefdedbbd877b84666fa839621494f597fbd374786f65e73b3b0830fe94dee4",
    "https://deno.land/x/denops_std@v4.0.0/helper/echo.ts": "21df75fdf37a9847c34f7c0a91812d0b119f8f68e514ac38188f5e958afbdf0f",
    "https://deno.land/x/denops_std@v4.0.0/helper/execute.ts": "a9446708959c5f417301c1eeab0ead2a8abbaf4b5e22e59b927d7ea18557c9f7",
    "https://deno.land/x/denops_std@v4.0.0/helper/input.ts": "86470d6539813c2bc17ba2d2040215de2dfc959bcdb9cbd4be279e6d025dd679",
    "https://deno.land/x/denops_std@v4.0.0/helper/load.ts": "b876c629d624f040ebbc073800912e531a7367bb3258e677bc2e4efb4c2e3422",
    "https://deno.land/x/denops_std@v4.0.0/helper/mod.ts": "4f008bc1bfdb89129b493c49be1996c9aa7902ad0a862675a7884d4d6c255c8f",
    "https://deno.land/x/denops_std@v4.0.0/mod.ts": "d6bbd362334ac11d515764f478dcea7be69fe1b11e8141065779849dfca9c92a",
    "https://deno.land/x/denops_std@v4.0.0/option/_generated.ts": "2106adf57207b2c01eb7e4dab4c4654ea389c2d64be5c35df1dc4c36d0d8707b",
    "https://deno.land/x/denops_std@v4.0.0/option/_manual.ts": "e3b0c44298fc1c149afbf4c8996fb92427ae41e4649b934ca495991b7852b855",
    "https://deno.land/x/denops_std@v4.0.0/option/mod.ts": "d1c79cd2733c3efc2d3b89f51cfe8d71f2567af066d0c0e27fa3d0731e3d7c96",
    "https://deno.land/x/denops_std@v4.0.0/util.ts": "ded8c5790c4cb6082d27596ff0958291d795695ec6323113dec5c1985b5ebb46",
    "https://deno.land/x/denops_std@v4.0.0/variable/environment.ts": "1a0045c15416a6c19668b54bc66d069481bf19c2924412da7c7c5ce1f049ec1e",
    "https://deno.land/x/denops_std@v4.0.0/variable/mod.ts": "b247a9153211f1fd1eaaadf35efc3b0f7dd16ed57eb2a8137419138934a2fec5",
    "https://deno.land/x/denops_std@v4.0.0/variable/option.ts": "4b8442d94edee547bc505eb9c774f7b0bfe8915d4878bef803e64d5e01f58a7f",
    "https://deno.land/x/denops_std@v4.0.0/variable/register.ts": "12d6640087aed01f4cdb7751c7af077a558e3b276d209772edc787411136a3b4",
    "https://deno.land/x/denops_std@v4.0.0/variable/types.ts": "3b13afd2ee36e901ab0c158c68cdfb0c7ded3bec25ccb44346fb5c333ae1070c",
    "https://deno.land/x/denops_std@v4.0.0/variable/variable.ts": "d5fe93f9f4437bed116fdd07d4ca5d94a6a0e6da886d0f145343a4577a28485a",
    "https://deno.land/x/dir@1.5.1/cache_dir/mod.ts": "8a82889db79c547fbbd3536c9c964047657b19fb59365c5fa59afc46082f9fe5",
    "https://deno.land/x/dir@1.5.1/config_dir/mod.ts": "d16ca6f949c3e42ed23f942261d2482f340dd6c73542740f57c89abeaa83ea3f",
    "https://deno.land/x/dir@1.5.1/data_dir/mod.ts": "7d17c6d9e775974245e0456c8f83f751c41c792c06020d12ca1ca69a0ce4e671",
    "https://deno.land/x/dir@1.5.1/data_local_dir/mod.ts": "91eb1c4bfadfbeda30171007bac6d85aadacd43224a5ed721bbe56bc64e9eb66",
    "https://deno.land/x/dir@1.5.1/download_dir/mod.ts": "79221d4e70f8a887561981428d357b26e524c93538e90d9d35d7d77e28416b3e",
    "https://deno.land/x/dir@1.5.1/home_dir/mod.ts": "53777e4fb2586ae02ce94adf2c99f2edb2dcf6e72d07ac289b71593cfacbdbbf",
    "https://deno.land/x/dir@1.5.1/mod.ts": "95e1519b7b629c995025652342b36fbf64a6a9a0bd7822b0c4573a22f42f0529",
    "https://deno.land/x/dir@1.5.1/tmp_dir/mod.ts": "b2422e886d444f6cfc75340e438fa4dd458c951f81452f7634ae444d2e7a3e3f",
    "https://deno.land/x/disposable@v1.0.2/mod.ts": "35bdb7afa8506c417a54a81821974f8466d8b7c1d1fb4342c99960a600d838ba",
    "https://deno.land/x/disposable@v1.0.2/types.ts": "3533500ccb5234e471b8d65bf5378dd41b5f8f39acccfeb9cdc9e6a407e71734",
    "https://deno.land/x/disposable@v1.0.2/using.ts": "db46551966a442af3a46f6b7ffe8af455ad379740373c3428f858e45c1e2e180",
    "https://deno.land/x/env@v2.2.3/env.js": "8041b826f9cb595bd6bee05073d7ab110d32adcd7615eb7c2465e67789790ba9",
    "https://deno.land/x/itertools@v1.1.0/builtins.ts": "8162bfe991ec70ef06e3f337395ca28948072add021e048cc9e7fb1c51b4b201",
    "https://deno.land/x/itertools@v1.1.0/custom.ts": "f89f6e9c08de0e19869984f9cd50f2655c7fbf24bba6029f28e2fcf3df871eb6",
    "https://deno.land/x/itertools@v1.1.0/itertools.ts": "e6819a5e7a657111cca525bc2afb41562d824c064a83094ce1b6e27373613169",
    "https://deno.land/x/itertools@v1.1.0/mod.ts": "6dec1148573382dcd798aadc7dba2ea0981d06dea837978c18fd1e2628461682",
    "https://deno.land/x/itertools@v1.1.0/more-itertools.ts": "488dfd9d71a16f234584994c0812f639e4c17b1b557a4e71cf39f7d69a700469",
    "https://deno.land/x/itertools@v1.1.0/types.ts": "4fe1eda3d8e2f784f4b3c612cc7919ac2600c6c4abe72cf81b90326078cc5f1a",
    "https://deno.land/x/itertools@v1.1.0/utils.ts": "6ef37b728b733a8b30e241cbc6992329d54579c27e24b9f225b90a622fd00656",
    "https://deno.land/x/msgpack@v1.4/CachedKeyDecoder.ts": "c39b6f1572902ae08c0e4971f639e81031ac59403957fc43c6fb3c7fe69d99a1",
    "https://deno.land/x/msgpack@v1.4/Decoder.ts": "bdb68309cd51da2b9a897f269784c6d636796258838a97f25b0e1b399c6f369b",
    "https://deno.land/x/msgpack@v1.4/Encoder.ts": "4852bbacb30cd66eb2bd61a9e20476802458b991e13aacb5eb984d0348247ffe",
    "https://deno.land/x/msgpack@v1.4/ExtData.ts": "8d97fe43568e119a1eeb93e1ef1c431e0a24e392fb0c6ffed775aac1e579f244",
    "https://deno.land/x/msgpack@v1.4/ExtensionCodec.ts": "e8a24eb1786156239f589cc3058c8ff3d79ed393f420c40fdf7a93df943c91f2",
    "https://deno.land/x/msgpack@v1.4/context.ts": "6228de10854dbadf6aef096960af0115214078ec3784eca4565587769fde3d1c",
    "https://deno.land/x/msgpack@v1.4/decode.ts": "c808aeec46f6d0e5b28d0bbacd40e78d0a3614b229368c70db2e53c03f7555ca",
    "https://deno.land/x/msgpack@v1.4/decodeAsync.ts": "19e4f33ba0cc8d200b857deb9721bace863c0e89f7bff73e2b04379e4ee85bad",
    "https://deno.land/x/msgpack@v1.4/encode.ts": "c5598f8eec9efcbd0ef07f246ade049a8f4906703cdb601baf03b2774b293916",
    "https://deno.land/x/msgpack@v1.4/mod.ts": "c28290db26b1ea027e1798085fd6c8055685ea086f1418d54a33542b285633c9",
    "https://deno.land/x/msgpack@v1.4/timestamp.ts": "5169949efe39bc24f58cd5dcaae682cdf5353c762a54abf9ae6e18c8d9feb648",
    "https://deno.land/x/msgpack@v1.4/utils/int.ts": "b08743982f954d2dd7f4f11d868019576b63cb8147d8acc1bce3843f39398188",
    "https://deno.land/x/msgpack@v1.4/utils/prettyByte.ts": "35c8104d57ba2a727056beaf1063bbe941d512cdd23ce6b04d7c5b44dafcd46e",
    "https://deno.land/x/msgpack@v1.4/utils/stream.ts": "1315e29af5c1a40d97bfa6f1c4f7f73d26067b912236f56851981f2f049500b8",
    "https://deno.land/x/msgpack@v1.4/utils/typedArrays.ts": "bb819c2f28cf7f85ed50b2e57f108462715555cc61ce315e8134cf1eef2ae662",
    "https://deno.land/x/msgpack@v1.4/utils/utf8.ts": "93183055a7a41986080eeb711e83d553e7c8b121642da4379a5adf253b7beefd",
    "https://deno.land/x/msgpack_rpc@v4.0.0/deps.ts": "81136273fc8e1505b63ecc779f4d24f5138a9236851ce40b9815ee4617625a3e",
    "https://deno.land/x/msgpack_rpc@v4.0.0/message.ts": "c5e12aa8868920d21d5ddc8c002f8cf8e30a654076fe9c97d9751665e17c2482",
    "https://deno.land/x/msgpack_rpc@v4.0.0/response_waiter.ts": "b1aa8166ada0b4c2465f78cc41ba472ba35bc098be9b5143938b75ae182b73bc",
    "https://deno.land/x/outdent@v0.8.0/src/index.ts": "6dc3df4108d5d6fedcdb974844d321037ca81eaaa16be6073235ff3268841a22",
    "https://deno.land/x/udd@0.8.2/deps.ts": "f93ed3ae998b2f48aac94666efea3d1d61b05f4d6698a0828b462097e10f3f32",
    "https://deno.land/x/udd@0.8.2/mod.ts": "00824646a9766acb4b9689201e5b81b969ac822b7cfad5316fe3922a04582edb",
    "https://deno.land/x/udd@0.8.2/progress.ts": "bb8eb122f5ac32efc073e05e2c13cceea61458b0e49ac05bddc3a49124dc39e3",
    "https://deno.land/x/udd@0.8.2/registry.ts": "fd8e1b05f14cb988fee7a72a51e68131a920f7d4b72f949d9b86794b3c699671",
    "https://deno.land/x/udd@0.8.2/search.ts": "52f9a539ca76893c47d01f8c6d401487ea286d54d1305b079b8727598e4c847a",
    "https://deno.land/x/udd@0.8.2/semver.ts": "c051a906405dd72b55434eb0f390f678881379d57847abe4ec60d8a02af4f6f2",
    "https://deno.land/x/unknownutil@v2.1.0/assert.ts": "33ac165c3917129a66f29a7098c0d56d8be290cc271afd0152705b97c770892d",
    "https://deno.land/x/unknownutil@v2.1.0/ensure.ts": "c7878930c8bd341e88c4f1fc742e98fe5e8451f5b9bac21fae2d085914d95827",
    "https://deno.land/x/unknownutil@v2.1.0/is.ts": "32ef707359264c5baf97725ceb13f87ef34e73b50eb199d76034742bec21f2a2",
    "https://deno.land/x/unknownutil@v2.1.0/maybe.ts": "260f159636893d2d0e08814151a0b19b3bc0e7fa8b423bdf2b64aa664a4ee735",
    "https://deno.land/x/unknownutil@v2.1.0/mod.ts": "ccd4f6ba067ac766da0533f13a018a6734c042a9484115fa49c7face17e8501d",
    "https://deno.land/x/unreachable@v0.1.0/mod.ts": "95a2ac02cbc97e9af486b6309d4bdf9507fb1dec540852c99aeef304014a2109",
    "https://deno.land/x/which@0.3.0/mod.ts": "3e10d07953c14e4ddc809742a3447cef14202cdfe9be6678a1dfc8769c4487e6"
  }
}
